
Microsoft Visual Studio Solution File, Format Version 12.00
Project("{FAE04EC0-301F-11D3-BF4B-00C04F79EFBC}") = "VideoAudioProcessor", "VideoAudioProcessor\VideoAudioProcessor.csproj", "{30CE5664-3879-4722-936E-4FAFC437EECC}"
EndProject
Project("{FAE04EC0-301F-11D3-BF4B-00C04F79EFBC}") = "VideoAudioProcessor.IntegrationTests", "VideoAudioProcessor.IntegrationTests\VideoAudioProcessor.IntegrationTests.csproj", "{B83D0B58-CB66-4A1D-9D4E-11A9D5526C72}"
EndProject
Global
	GlobalSection(SolutionConfigurationPlatforms) = preSolution
		Debug|Any CPU = Debug|Any CPU
		Release|Any CPU = Release|Any CPU
	EndGlobalSection
	GlobalSection(ProjectConfigurationPlatforms) = postSolution
		{30CE5664-3879-4722-936E-4FAFC437EECC}.Debug|Any CPU.ActiveCfg = Debug|Any CPU
		{30CE5664-3879-4722-936E-4FAFC437EECC}.Debug|Any CPU.Build.0 = Debug|Any CPU
		{30CE5664-3879-4722-936E-4FAFC437EECC}.Release|Any CPU.ActiveCfg = Release|Any CPU
		{30CE5664-3879-4722-936E-4FAFC437EECC}.Release|Any CPU.Build.0 = Release|Any CPU
		{B83D0B58-CB66-4A1D-9D4E-11A9D5526C72}.Debug|Any CPU.ActiveCfg = Debug|Any CPU
		{B83D0B58-CB66-4A1D-9D4E-11A9D5526C72}.Debug|Any CPU.Build.0 = Debug|Any CPU
		{B83D0B58-CB66-4A1D-9D4E-11A9D5526C72}.Release|Any CPU.ActiveCfg = Release|Any CPU
		{B83D0B58-CB66-4A1D-9D4E-11A9D5526C72}.Release|Any CPU.Build.0 = Release|Any CPU
	EndGlobalSection
EndGlobal
